
Microsoft Visual Studio Solution File, Format Version 12.00
# Visual Studio Version 17
VisualStudioVersion = 17.0.31903.59
MinimumVisualStudioVersion = 10.0.40219.1
Project("{9A19103F-16F7-4668-BE54-9A1E7A4F7556}") = "libriManager", "libriManager.csproj", "{38B79C54-A11B-4F9F-AF48-993CCCDB14FA}"
EndProject
Project("{E53339B2-1760-4266-BCC7-CA923CBCF16C}") = "docker-compose", "docker-compose.dcproj", "{7B26F2ED-E79D-4090-AF72-650423F827D0}"
EndProject
Global
	GlobalSection(SolutionConfigurationPlatforms) = preSolution
		Debug|Any CPU = Debug|Any CPU
		Release|Any CPU = Release|Any CPU
	EndGlobalSection
	GlobalSection(ProjectConfigurationPlatforms) = postSolution
		{38B79C54-A11B-4F9F-AF48-993CCCDB14FA}.Debug|Any CPU.ActiveCfg = Debug|Any CPU
		{38B79C54-A11B-4F9F-AF48-993CCCDB14FA}.Debug|Any CPU.Build.0 = Debug|Any CPU
		{38B79C54-A11B-4F9F-AF48-993CCCDB14FA}.Release|Any CPU.ActiveCfg = Release|Any CPU
		{38B79C54-A11B-4F9F-AF48-993CCCDB14FA}.Release|Any CPU.Build.0 = Release|Any CPU
		{7B26F2ED-E79D-4090-AF72-650423F827D0}.Debug|Any CPU.ActiveCfg = Debug|Any CPU
		{7B26F2ED-E79D-4090-AF72-650423F827D0}.Debug|Any CPU.Build.0 = Debug|Any CPU
		{7B26F2ED-E79D-4090-AF72-650423F827D0}.Release|Any CPU.ActiveCfg = Release|Any CPU
		{7B26F2ED-E79D-4090-AF72-650423F827D0}.Release|Any CPU.Build.0 = Release|Any CPU
	EndGlobalSection
	GlobalSection(SolutionProperties) = preSolution
		HideSolutionNode = FALSE
	EndGlobalSection
	GlobalSection(ExtensibilityGlobals) = postSolution
		SolutionGuid = {7A209359-7B1B-41AB-A68E-2098FF73CA34}
	EndGlobalSection
EndGlobal
