
Microsoft Visual Studio Solution File, Format Version 12.00
# Visual Studio Version 17
VisualStudioVersion = 17.0.31903.59
MinimumVisualStudioVersion = 10.0.40219.1
Project("{FAE04EC0-301F-11D3-BF4B-00C04F79EFBC}") = "BooksAPI", "BooksAPI.csproj", "{0EFC5A63-83E8-433C-8F02-98E433C01BAF}"
EndProject
Project("{E53339B2-1760-4266-BCC7-CA923CBCF16C}") = "docker-compose", "docker-compose.dcproj", "{C99974B2-16D2-4452-87F7-98138691F101}"
EndProject
Global
	GlobalSection(SolutionConfigurationPlatforms) = preSolution
		Debug|Any CPU = Debug|Any CPU
		Release|Any CPU = Release|Any CPU
	EndGlobalSection
	GlobalSection(ProjectConfigurationPlatforms) = postSolution
		{0EFC5A63-83E8-433C-8F02-98E433C01BAF}.Debug|Any CPU.ActiveCfg = Debug|Any CPU
		{0EFC5A63-83E8-433C-8F02-98E433C01BAF}.Debug|Any CPU.Build.0 = Debug|Any CPU
		{0EFC5A63-83E8-433C-8F02-98E433C01BAF}.Release|Any CPU.ActiveCfg = Release|Any CPU
		{0EFC5A63-83E8-433C-8F02-98E433C01BAF}.Release|Any CPU.Build.0 = Release|Any CPU
		{C99974B2-16D2-4452-87F7-98138691F101}.Debug|Any CPU.ActiveCfg = Debug|Any CPU
		{C99974B2-16D2-4452-87F7-98138691F101}.Debug|Any CPU.Build.0 = Debug|Any CPU
		{C99974B2-16D2-4452-87F7-98138691F101}.Release|Any CPU.ActiveCfg = Release|Any CPU
		{C99974B2-16D2-4452-87F7-98138691F101}.Release|Any CPU.Build.0 = Release|Any CPU
	EndGlobalSection
	GlobalSection(SolutionProperties) = preSolution
		HideSolutionNode = FALSE
	EndGlobalSection
	GlobalSection(ExtensibilityGlobals) = postSolution
		SolutionGuid = {BEA69C53-5191-437A-AEF0-5C778B9FA45E}
	EndGlobalSection
EndGlobal
