
Microsoft Visual Studio Solution File, Format Version 12.00
# Visual Studio Version 17
VisualStudioVersion = 17.0.32014.148
MinimumVisualStudioVersion = 10.0.40219.1
Project("{9A19103F-16F7-4668-BE54-9A1E7A4F7556}") = "booksService", "booksService.csproj", "{909E6665-7979-4EBE-AF20-15B7DDFED4CE}"
EndProject
Project("{E53339B2-1760-4266-BCC7-CA923CBCF16C}") = "docker-compose", "docker-compose.dcproj", "{1333E751-62B9-45B3-8C7D-7E7668371AC9}"
EndProject
Project("{FAE04EC0-301F-11D3-BF4B-00C04F79EFBC}") = "booksServiceTest", "..\booksServiceTest\booksServiceTest.csproj", "{C6C59694-D2DF-4CF9-84B6-AB67DAF748F8}"
EndProject
Global
	GlobalSection(SolutionConfigurationPlatforms) = preSolution
		Debug|Any CPU = Debug|Any CPU
		Release|Any CPU = Release|Any CPU
	EndGlobalSection
	GlobalSection(ProjectConfigurationPlatforms) = postSolution
		{909E6665-7979-4EBE-AF20-15B7DDFED4CE}.Debug|Any CPU.ActiveCfg = Debug|Any CPU
		{909E6665-7979-4EBE-AF20-15B7DDFED4CE}.Debug|Any CPU.Build.0 = Debug|Any CPU
		{909E6665-7979-4EBE-AF20-15B7DDFED4CE}.Release|Any CPU.ActiveCfg = Release|Any CPU
		{909E6665-7979-4EBE-AF20-15B7DDFED4CE}.Release|Any CPU.Build.0 = Release|Any CPU
		{1333E751-62B9-45B3-8C7D-7E7668371AC9}.Debug|Any CPU.ActiveCfg = Debug|Any CPU
		{1333E751-62B9-45B3-8C7D-7E7668371AC9}.Debug|Any CPU.Build.0 = Debug|Any CPU
		{1333E751-62B9-45B3-8C7D-7E7668371AC9}.Release|Any CPU.ActiveCfg = Release|Any CPU
		{1333E751-62B9-45B3-8C7D-7E7668371AC9}.Release|Any CPU.Build.0 = Release|Any CPU
		{C6C59694-D2DF-4CF9-84B6-AB67DAF748F8}.Debug|Any CPU.ActiveCfg = Debug|Any CPU
		{C6C59694-D2DF-4CF9-84B6-AB67DAF748F8}.Debug|Any CPU.Build.0 = Debug|Any CPU
		{C6C59694-D2DF-4CF9-84B6-AB67DAF748F8}.Release|Any CPU.ActiveCfg = Release|Any CPU
		{C6C59694-D2DF-4CF9-84B6-AB67DAF748F8}.Release|Any CPU.Build.0 = Release|Any CPU
	EndGlobalSection
	GlobalSection(SolutionProperties) = preSolution
		HideSolutionNode = FALSE
	EndGlobalSection
	GlobalSection(ExtensibilityGlobals) = postSolution
		SolutionGuid = {C712FCB6-B32D-46AF-946F-1D7B97204CA9}
	EndGlobalSection
EndGlobal
